// !$*UTF8*$!
{
	archiveVersion = 1;
	classes = {
	};
	objectVersion = 55;
	objects = {

/* Begin PBXBuildFile section */
		197359652725BA7B00D5A6C3 /* MobTimer.swift in Sources */ = {isa = PBXBuildFile; fileRef = 197359642725BA7B00D5A6C3 /* MobTimer.swift */; };
		197359692725C39800D5A6C3 /* EventSource in Frameworks */ = {isa = PBXBuildFile; productRef = 197359682725C39800D5A6C3 /* EventSource */; };
		19C76B782725527E003C050C /* mob_timer_macosApp.swift in Sources */ = {isa = PBXBuildFile; fileRef = 19C76B772725527E003C050C /* mob_timer_macosApp.swift */; };
		19C76B7A2725527E003C050C /* PreferencesView.swift in Sources */ = {isa = PBXBuildFile; fileRef = 19C76B792725527E003C050C /* PreferencesView.swift */; };
		19C76B7C27255280003C050C /* Assets.xcassets in Resources */ = {isa = PBXBuildFile; fileRef = 19C76B7B27255280003C050C /* Assets.xcassets */; };
		19C76B7F27255280003C050C /* Preview Assets.xcassets in Resources */ = {isa = PBXBuildFile; fileRef = 19C76B7E27255280003C050C /* Preview Assets.xcassets */; };
		19C76B8E27259DAB003C050C /* AppDelegate.swift in Sources */ = {isa = PBXBuildFile; fileRef = 19C76B8D27259DAB003C050C /* AppDelegate.swift */; };
		19C76B912725A80B003C050C /* MobTimerMenuBarItem.swift in Sources */ = {isa = PBXBuildFile; fileRef = 19C76B902725A80B003C050C /* MobTimerMenuBarItem.swift */; };
		19F22932272602790001A7CF /* DetailWindowController.swift in Sources */ = {isa = PBXBuildFile; fileRef = 19F22931272602790001A7CF /* DetailWindowController.swift */; };
/* End PBXBuildFile section */

/* Begin PBXFileReference section */
		197359642725BA7B00D5A6C3 /* MobTimer.swift */ = {isa = PBXFileReference; lastKnownFileType = sourcecode.swift; path = MobTimer.swift; sourceTree = "<group>"; };
		19C76B742725527E003C050C /* mob-timer-macos.app */ = {isa = PBXFileReference; explicitFileType = wrapper.application; includeInIndex = 0; path = "mob-timer-macos.app"; sourceTree = BUILT_PRODUCTS_DIR; };
		19C76B772725527E003C050C /* mob_timer_macosApp.swift */ = {isa = PBXFileReference; lastKnownFileType = sourcecode.swift; path = mob_timer_macosApp.swift; sourceTree = "<group>"; };
		19C76B792725527E003C050C /* PreferencesView.swift */ = {isa = PBXFileReference; lastKnownFileType = sourcecode.swift; path = PreferencesView.swift; sourceTree = "<group>"; };
		19C76B7B27255280003C050C /* Assets.xcassets */ = {isa = PBXFileReference; lastKnownFileType = folder.assetcatalog; path = Assets.xcassets; sourceTree = "<group>"; };
		19C76B7E27255280003C050C /* Preview Assets.xcassets */ = {isa = PBXFileReference; lastKnownFileType = folder.assetcatalog; path = "Preview Assets.xcassets"; sourceTree = "<group>"; };
		19C76B8027255280003C050C /* mob_timer_macos.entitlements */ = {isa = PBXFileReference; lastKnownFileType = text.plist.entitlements; path = mob_timer_macos.entitlements; sourceTree = "<group>"; };
		19C76B8C27255C54003C050C /* Info.plist */ = {isa = PBXFileReference; lastKnownFileType = text.plist; path = Info.plist; sourceTree = "<group>"; };
		19C76B8D27259DAB003C050C /* AppDelegate.swift */ = {isa = PBXFileReference; lastKnownFileType = sourcecode.swift; path = AppDelegate.swift; sourceTree = "<group>"; };
		19C76B902725A80B003C050C /* MobTimerMenuBarItem.swift */ = {isa = PBXFileReference; lastKnownFileType = sourcecode.swift; path = MobTimerMenuBarItem.swift; sourceTree = "<group>"; };
		19F22931272602790001A7CF /* DetailWindowController.swift */ = {isa = PBXFileReference; lastKnownFileType = sourcecode.swift; path = DetailWindowController.swift; sourceTree = "<group>"; };
/* End PBXFileReference section */

/* Begin PBXFrameworksBuildPhase section */
		19C76B712725527D003C050C /* Frameworks */ = {
			isa = PBXFrameworksBuildPhase;
			buildActionMask = 2147483647;
			files = (
				197359692725C39800D5A6C3 /* EventSource in Frameworks */,
			);
			runOnlyForDeploymentPostprocessing = 0;
		};
/* End PBXFrameworksBuildPhase section */

/* Begin PBXGroup section */
		197359672725C39800D5A6C3 /* Frameworks */ = {
			isa = PBXGroup;
			children = (
			);
			name = Frameworks;
			sourceTree = "<group>";
		};
		19C76B6B2725527D003C050C = {
			isa = PBXGroup;
			children = (
				19C76B762725527E003C050C /* mob-timer-macos */,
				19C76B752725527E003C050C /* Products */,
				197359672725C39800D5A6C3 /* Frameworks */,
			);
			sourceTree = "<group>";
		};
		19C76B752725527E003C050C /* Products */ = {
			isa = PBXGroup;
			children = (
				19C76B742725527E003C050C /* mob-timer-macos.app */,
			);
			name = Products;
			sourceTree = "<group>";
		};
		19C76B762725527E003C050C /* mob-timer-macos */ = {
			isa = PBXGroup;
			children = (
				19C76B772725527E003C050C /* mob_timer_macosApp.swift */,
				19C76B8D27259DAB003C050C /* AppDelegate.swift */,
				19C76B902725A80B003C050C /* MobTimerMenuBarItem.swift */,
				197359642725BA7B00D5A6C3 /* MobTimer.swift */,
				19F22931272602790001A7CF /* DetailWindowController.swift */,
				19C76B792725527E003C050C /* PreferencesView.swift */,
				19C76B7D27255280003C050C /* Preview Content */,
				19C76B7B27255280003C050C /* Assets.xcassets */,
				19C76B8027255280003C050C /* mob_timer_macos.entitlements */,
				19C76B8C27255C54003C050C /* Info.plist */,
			);
			path = "mob-timer-macos";
			sourceTree = "<group>";
		};
		19C76B7D27255280003C050C /* Preview Content */ = {
			isa = PBXGroup;
			children = (
				19C76B7E27255280003C050C /* Preview Assets.xcassets */,
			);
			path = "Preview Content";
			sourceTree = "<group>";
		};
/* End PBXGroup section */

/* Begin PBXNativeTarget section */
		19C76B732725527D003C050C /* mob-timer-macos */ = {
			isa = PBXNativeTarget;
			buildConfigurationList = 19C76B8327255280003C050C /* Build configuration list for PBXNativeTarget "mob-timer-macos" */;
			buildPhases = (
				19C76B702725527D003C050C /* Sources */,
				19C76B712725527D003C050C /* Frameworks */,
				19C76B722725527D003C050C /* Resources */,
			);
			buildRules = (
			);
			dependencies = (
			);
			name = "mob-timer-macos";
			packageProductDependencies = (
				197359682725C39800D5A6C3 /* EventSource */,
			);
			productName = "mob-timer-macos";
			productReference = 19C76B742725527E003C050C /* mob-timer-macos.app */;
			productType = "com.apple.product-type.application";
		};
/* End PBXNativeTarget section */

/* Begin PBXProject section */
		19C76B6C2725527D003C050C /* Project object */ = {
			isa = PBXProject;
			attributes = {
				BuildIndependentTargetsInParallel = 1;
				LastSwiftUpdateCheck = 1300;
				LastUpgradeCheck = 1300;
				TargetAttributes = {
					19C76B732725527D003C050C = {
						CreatedOnToolsVersion = 13.0;
					};
				};
			};
			buildConfigurationList = 19C76B6F2725527D003C050C /* Build configuration list for PBXProject "mob-timer-macos" */;
			compatibilityVersion = "Xcode 13.0";
			developmentRegion = en;
			hasScannedForEncodings = 0;
			knownRegions = (
				en,
				Base,
			);
			mainGroup = 19C76B6B2725527D003C050C;
			packageReferences = (
				197359662725C1C600D5A6C3 /* XCRemoteSwiftPackageReference "EventSource" */,
			);
			productRefGroup = 19C76B752725527E003C050C /* Products */;
			projectDirPath = "";
			projectRoot = "";
			targets = (
				19C76B732725527D003C050C /* mob-timer-macos */,
			);
		};
/* End PBXProject section */

/* Begin PBXResourcesBuildPhase section */
		19C76B722725527D003C050C /* Resources */ = {
			isa = PBXResourcesBuildPhase;
			buildActionMask = 2147483647;
			files = (
				19C76B7F27255280003C050C /* Preview Assets.xcassets in Resources */,
				19C76B7C27255280003C050C /* Assets.xcassets in Resources */,
			);
			runOnlyForDeploymentPostprocessing = 0;
		};
/* End PBXResourcesBuildPhase section */

/* Begin PBXSourcesBuildPhase section */
		19C76B702725527D003C050C /* Sources */ = {
			isa = PBXSourcesBuildPhase;
			buildActionMask = 2147483647;
			files = (
				19C76B8E27259DAB003C050C /* AppDelegate.swift in Sources */,
				19C76B7A2725527E003C050C /* PreferencesView.swift in Sources */,
				19C76B912725A80B003C050C /* MobTimerMenuBarItem.swift in Sources */,
				19C76B782725527E003C050C /* mob_timer_macosApp.swift in Sources */,
				19F22932272602790001A7CF /* DetailWindowController.swift in Sources */,
				197359652725BA7B00D5A6C3 /* MobTimer.swift in Sources */,
			);
			runOnlyForDeploymentPostprocessing = 0;
		};
/* End PBXSourcesBuildPhase section */

/* Begin XCBuildConfiguration section */
		19C76B8127255280003C050C /* Debug */ = {
			isa = XCBuildConfiguration;
			buildSettings = {
				ALWAYS_SEARCH_USER_PATHS = NO;
				CLANG_ANALYZER_NONNULL = YES;
				CLANG_ANALYZER_NUMBER_OBJECT_CONVERSION = YES_AGGRESSIVE;
				CLANG_CXX_LANGUAGE_STANDARD = "gnu++17";
				CLANG_CXX_LIBRARY = "libc++";
				CLANG_ENABLE_MODULES = YES;
				CLANG_ENABLE_OBJC_ARC = YES;
				CLANG_ENABLE_OBJC_WEAK = YES;
				CLANG_WARN_BLOCK_CAPTURE_AUTORELEASING = YES;
				CLANG_WARN_BOOL_CONVERSION = YES;
				CLANG_WARN_COMMA = YES;
				CLANG_WARN_CONSTANT_CONVERSION = YES;
				CLANG_WARN_DEPRECATED_OBJC_IMPLEMENTATIONS = YES;
				CLANG_WARN_DIRECT_OBJC_ISA_USAGE = YES_ERROR;
				CLANG_WARN_DOCUMENTATION_COMMENTS = YES;
				CLANG_WARN_EMPTY_BODY = YES;
				CLANG_WARN_ENUM_CONVERSION = YES;
				CLANG_WARN_INFINITE_RECURSION = YES;
				CLANG_WARN_INT_CONVERSION = YES;
				CLANG_WARN_NON_LITERAL_NULL_CONVERSION = YES;
				CLANG_WARN_OBJC_IMPLICIT_RETAIN_SELF = YES;
				CLANG_WARN_OBJC_LITERAL_CONVERSION = YES;
				CLANG_WARN_OBJC_ROOT_CLASS = YES_ERROR;
				CLANG_WARN_QUOTED_INCLUDE_IN_FRAMEWORK_HEADER = YES;
				CLANG_WARN_RANGE_LOOP_ANALYSIS = YES;
				CLANG_WARN_STRICT_PROTOTYPES = YES;
				CLANG_WARN_SUSPICIOUS_MOVE = YES;
				CLANG_WARN_UNGUARDED_AVAILABILITY = YES_AGGRESSIVE;
				CLANG_WARN_UNREACHABLE_CODE = YES;
				CLANG_WARN__DUPLICATE_METHOD_MATCH = YES;
				COPY_PHASE_STRIP = NO;
				DEBUG_INFORMATION_FORMAT = dwarf;
				ENABLE_STRICT_OBJC_MSGSEND = YES;
				ENABLE_TESTABILITY = YES;
				GCC_C_LANGUAGE_STANDARD = gnu11;
				GCC_DYNAMIC_NO_PIC = NO;
				GCC_NO_COMMON_BLOCKS = YES;
				GCC_OPTIMIZATION_LEVEL = 0;
				GCC_PREPROCESSOR_DEFINITIONS = (
					"DEBUG=1",
					"$(inherited)",
				);
				GCC_WARN_64_TO_32_BIT_CONVERSION = YES;
				GCC_WARN_ABOUT_RETURN_TYPE = YES_ERROR;
				GCC_WARN_UNDECLARED_SELECTOR = YES;
				GCC_WARN_UNINITIALIZED_AUTOS = YES_AGGRESSIVE;
				GCC_WARN_UNUSED_FUNCTION = YES;
				GCC_WARN_UNUSED_VARIABLE = YES;
				MACOSX_DEPLOYMENT_TARGET = 11.3;
				MTL_ENABLE_DEBUG_INFO = INCLUDE_SOURCE;
				MTL_FAST_MATH = YES;
				ONLY_ACTIVE_ARCH = YES;
				SDKROOT = macosx;
				SWIFT_ACTIVE_COMPILATION_CONDITIONS = DEBUG;
				SWIFT_OPTIMIZATION_LEVEL = "-Onone";
			};
			name = Debug;
		};
		19C76B8227255280003C050C /* Release */ = {
			isa = XCBuildConfiguration;
			buildSettings = {
				ALWAYS_SEARCH_USER_PATHS = NO;
				CLANG_ANALYZER_NONNULL = YES;
				CLANG_ANALYZER_NUMBER_OBJECT_CONVERSION = YES_AGGRESSIVE;
				CLANG_CXX_LANGUAGE_STANDARD = "gnu++17";
				CLANG_CXX_LIBRARY = "libc++";
				CLANG_ENABLE_MODULES = YES;
				CLANG_ENABLE_OBJC_ARC = YES;
				CLANG_ENABLE_OBJC_WEAK = YES;
				CLANG_WARN_BLOCK_CAPTURE_AUTORELEASING = YES;
				CLANG_WARN_BOOL_CONVERSION = YES;
				CLANG_WARN_COMMA = YES;
				CLANG_WARN_CONSTANT_CONVERSION = YES;
				CLANG_WARN_DEPRECATED_OBJC_IMPLEMENTATIONS = YES;
				CLANG_WARN_DIRECT_OBJC_ISA_USAGE = YES_ERROR;
				CLANG_WARN_DOCUMENTATION_COMMENTS = YES;
				CLANG_WARN_EMPTY_BODY = YES;
				CLANG_WARN_ENUM_CONVERSION = YES;
				CLANG_WARN_INFINITE_RECURSION = YES;
				CLANG_WARN_INT_CONVERSION = YES;
				CLANG_WARN_NON_LITERAL_NULL_CONVERSION = YES;
				CLANG_WARN_OBJC_IMPLICIT_RETAIN_SELF = YES;
				CLANG_WARN_OBJC_LITERAL_CONVERSION = YES;
				CLANG_WARN_OBJC_ROOT_CLASS = YES_ERROR;
				CLANG_WARN_QUOTED_INCLUDE_IN_FRAMEWORK_HEADER = YES;
				CLANG_WARN_RANGE_LOOP_ANALYSIS = YES;
				CLANG_WARN_STRICT_PROTOTYPES = YES;
				CLANG_WARN_SUSPICIOUS_MOVE = YES;
				CLANG_WARN_UNGUARDED_AVAILABILITY = YES_AGGRESSIVE;
				CLANG_WARN_UNREACHABLE_CODE = YES;
				CLANG_WARN__DUPLICATE_METHOD_MATCH = YES;
				COPY_PHASE_STRIP = NO;
				DEBUG_INFORMATION_FORMAT = "dwarf-with-dsym";
				ENABLE_NS_ASSERTIONS = NO;
				ENABLE_STRICT_OBJC_MSGSEND = YES;
				GCC_C_LANGUAGE_STANDARD = gnu11;
				GCC_NO_COMMON_BLOCKS = YES;
				GCC_WARN_64_TO_32_BIT_CONVERSION = YES;
				GCC_WARN_ABOUT_RETURN_TYPE = YES_ERROR;
				GCC_WARN_UNDECLARED_SELECTOR = YES;
				GCC_WARN_UNINITIALIZED_AUTOS = YES_AGGRESSIVE;
				GCC_WARN_UNUSED_FUNCTION = YES;
				GCC_WARN_UNUSED_VARIABLE = YES;
				MACOSX_DEPLOYMENT_TARGET = 11.3;
				MTL_ENABLE_DEBUG_INFO = NO;
				MTL_FAST_MATH = YES;
				SDKROOT = macosx;
				SWIFT_COMPILATION_MODE = wholemodule;
				SWIFT_OPTIMIZATION_LEVEL = "-O";
			};
			name = Release;
		};
		19C76B8427255280003C050C /* Debug */ = {
			isa = XCBuildConfiguration;
			buildSettings = {
				ASSETCATALOG_COMPILER_APPICON_NAME = AppIcon;
				ASSETCATALOG_COMPILER_GLOBAL_ACCENT_COLOR_NAME = AccentColor;
				CODE_SIGN_ENTITLEMENTS = "mob-timer-macos/mob_timer_macos.entitlements";
				CODE_SIGN_STYLE = Automatic;
				COMBINE_HIDPI_IMAGES = YES;
				CURRENT_PROJECT_VERSION = 1;
				DEVELOPMENT_ASSET_PATHS = "\"mob-timer-macos/Preview Content\"";
				ENABLE_PREVIEWS = YES;
				GENERATE_INFOPLIST_FILE = YES;
				INFOPLIST_FILE = "mob-timer-macos/Info.plist";
				INFOPLIST_KEY_NSHumanReadableCopyright = "";
				LD_RUNPATH_SEARCH_PATHS = (
					"$(inherited)",
					"@executable_path/../Frameworks",
				);
				MACOSX_DEPLOYMENT_TARGET = 11.0;
				MARKETING_VERSION = 1.0;
				PRODUCT_BUNDLE_IDENTIFIER = "sh.mob.mob-timer-macos";
				PRODUCT_NAME = "$(TARGET_NAME)";
				SWIFT_EMIT_LOC_STRINGS = YES;
				SWIFT_VERSION = 5.0;
			};
			name = Debug;
		};
		19C76B8527255280003C050C /* Release */ = {
			isa = XCBuildConfiguration;
			buildSettings = {
				ASSETCATALOG_COMPILER_APPICON_NAME = AppIcon;
				ASSETCATALOG_COMPILER_GLOBAL_ACCENT_COLOR_NAME = AccentColor;
				CODE_SIGN_ENTITLEMENTS = "mob-timer-macos/mob_timer_macos.entitlements";
				CODE_SIGN_STYLE = Automatic;
				COMBINE_HIDPI_IMAGES = YES;
				CURRENT_PROJECT_VERSION = 1;
				DEVELOPMENT_ASSET_PATHS = "\"mob-timer-macos/Preview Content\"";
				ENABLE_PREVIEWS = YES;
				GENERATE_INFOPLIST_FILE = YES;
				INFOPLIST_FILE = "mob-timer-macos/Info.plist";
				INFOPLIST_KEY_NSHumanReadableCopyright = "";
				LD_RUNPATH_SEARCH_PATHS = (
					"$(inherited)",
					"@executable_path/../Frameworks",
				);
				MACOSX_DEPLOYMENT_TARGET = 11.0;
				MARKETING_VERSION = 1.0;
				PRODUCT_BUNDLE_IDENTIFIER = "sh.mob.mob-timer-macos";
				PRODUCT_NAME = "$(TARGET_NAME)";
				SWIFT_EMIT_LOC_STRINGS = YES;
				SWIFT_VERSION = 5.0;
			};
			name = Release;
		};
/* End XCBuildConfiguration section */

/* Begin XCConfigurationList section */
		19C76B6F2725527D003C050C /* Build configuration list for PBXProject "mob-timer-macos" */ = {
			isa = XCConfigurationList;
			buildConfigurations = (
				19C76B8127255280003C050C /* Debug */,
				19C76B8227255280003C050C /* Release */,
			);
			defaultConfigurationIsVisible = 0;
			defaultConfigurationName = Release;
		};
		19C76B8327255280003C050C /* Build configuration list for PBXNativeTarget "mob-timer-macos" */ = {
			isa = XCConfigurationList;
			buildConfigurations = (
				19C76B8427255280003C050C /* Debug */,
				19C76B8527255280003C050C /* Release */,
			);
			defaultConfigurationIsVisible = 0;
			defaultConfigurationName = Release;
		};
/* End XCConfigurationList section */

/* Begin XCRemoteSwiftPackageReference section */
		197359662725C1C600D5A6C3 /* XCRemoteSwiftPackageReference "EventSource" */ = {
			isa = XCRemoteSwiftPackageReference;
			repositoryURL = "https://github.com/inaka/EventSource.git";
			requirement = {
				branch = master;
				kind = branch;
			};
		};
/* End XCRemoteSwiftPackageReference section */

/* Begin XCSwiftPackageProductDependency section */
		197359682725C39800D5A6C3 /* EventSource */ = {
			isa = XCSwiftPackageProductDependency;
			package = 197359662725C1C600D5A6C3 /* XCRemoteSwiftPackageReference "EventSource" */;
			productName = EventSource;
		};
/* End XCSwiftPackageProductDependency section */
	};
	rootObject = 19C76B6C2725527D003C050C /* Project object */;
}
